
Microsoft Visual Studio Solution File, Format Version 12.00
# Visual Studio Version 16
VisualStudioVersion = 16.0.30128.74
MinimumVisualStudioVersion = 10.0.40219.1
Project("{9A19103F-16F7-4668-BE54-9A1E7A4F7556}") = "IConfigurationRootDtoLibrary", "IConfigurationRootDtoLibrary\IConfigurationRootDtoLibrary.csproj", "{2E815396-7D8C-4452-AEBC-2F5DEC1015BA}"
EndProject
Project("{9A19103F-16F7-4668-BE54-9A1E7A4F7556}") = "IConfigurationRootDtoLibraryTest", "IConfigurationRootDtoLibraryTest\IConfigurationRootDtoLibraryTest.csproj", "{1C9D3987-85EA-4B2D-9805-C70E2355A750}"
EndProject
Global
	GlobalSection(SolutionConfigurationPlatforms) = preSolution
		Debug|Any CPU = Debug|Any CPU
		Release|Any CPU = Release|Any CPU
	EndGlobalSection
	GlobalSection(ProjectConfigurationPlatforms) = postSolution
		{2E815396-7D8C-4452-AEBC-2F5DEC1015BA}.Debug|Any CPU.ActiveCfg = Debug|Any CPU
		{2E815396-7D8C-4452-AEBC-2F5DEC1015BA}.Debug|Any CPU.Build.0 = Debug|Any CPU
		{2E815396-7D8C-4452-AEBC-2F5DEC1015BA}.Release|Any CPU.ActiveCfg = Release|Any CPU
		{2E815396-7D8C-4452-AEBC-2F5DEC1015BA}.Release|Any CPU.Build.0 = Release|Any CPU
		{1C9D3987-85EA-4B2D-9805-C70E2355A750}.Debug|Any CPU.ActiveCfg = Debug|Any CPU
		{1C9D3987-85EA-4B2D-9805-C70E2355A750}.Debug|Any CPU.Build.0 = Debug|Any CPU
		{1C9D3987-85EA-4B2D-9805-C70E2355A750}.Release|Any CPU.ActiveCfg = Release|Any CPU
		{1C9D3987-85EA-4B2D-9805-C70E2355A750}.Release|Any CPU.Build.0 = Release|Any CPU
	EndGlobalSection
	GlobalSection(SolutionProperties) = preSolution
		HideSolutionNode = FALSE
	EndGlobalSection
	GlobalSection(ExtensibilityGlobals) = postSolution
		SolutionGuid = {AF96E1D4-05A7-4CB2-B5B3-FDCABF147068}
	EndGlobalSection
EndGlobal
